
Microsoft Visual Studio Solution File, Format Version 12.00
# Visual Studio Version 16
VisualStudioVersion = 25.0.1704.3
MinimumVisualStudioVersion = 10.0.40219.1
Project("{FAE04EC0-301F-11D3-BF4B-00C04F79EFBC}") = "EverCraft_APP", "EverCraft_APP\EverCraft_APP.csproj", "{254FCC89-5CF4-4E15-8D48-52152A7B1768}"
EndProject
Project("{FAE04EC0-301F-11D3-BF4B-00C04F79EFBC}") = "EverCraft_CORE", "EverCraft_CORE\EverCraft_CORE.csproj", "{055B7EB8-33B4-4F36-AA45-51D0B7D140F5}"
EndProject
Project("{FAE04EC0-301F-11D3-BF4B-00C04F79EFBC}") = "EverCraft_UnitTests", "EverCraft_UnitTests\EverCraft_UnitTests.csproj", "{A70BB9A3-6291-486D-9EB5-F6D50F641278}"
EndProject
Global
	GlobalSection(SolutionConfigurationPlatforms) = preSolution
		Debug|Any CPU = Debug|Any CPU
		Release|Any CPU = Release|Any CPU
	EndGlobalSection
	GlobalSection(ProjectConfigurationPlatforms) = postSolution
		{254FCC89-5CF4-4E15-8D48-52152A7B1768}.Debug|Any CPU.ActiveCfg = Debug|Any CPU
		{254FCC89-5CF4-4E15-8D48-52152A7B1768}.Debug|Any CPU.Build.0 = Debug|Any CPU
		{254FCC89-5CF4-4E15-8D48-52152A7B1768}.Release|Any CPU.ActiveCfg = Release|Any CPU
		{254FCC89-5CF4-4E15-8D48-52152A7B1768}.Release|Any CPU.Build.0 = Release|Any CPU
		{055B7EB8-33B4-4F36-AA45-51D0B7D140F5}.Debug|Any CPU.ActiveCfg = Debug|Any CPU
		{055B7EB8-33B4-4F36-AA45-51D0B7D140F5}.Debug|Any CPU.Build.0 = Debug|Any CPU
		{055B7EB8-33B4-4F36-AA45-51D0B7D140F5}.Release|Any CPU.ActiveCfg = Release|Any CPU
		{055B7EB8-33B4-4F36-AA45-51D0B7D140F5}.Release|Any CPU.Build.0 = Release|Any CPU
		{A70BB9A3-6291-486D-9EB5-F6D50F641278}.Debug|Any CPU.ActiveCfg = Debug|Any CPU
		{A70BB9A3-6291-486D-9EB5-F6D50F641278}.Debug|Any CPU.Build.0 = Debug|Any CPU
		{A70BB9A3-6291-486D-9EB5-F6D50F641278}.Release|Any CPU.ActiveCfg = Release|Any CPU
		{A70BB9A3-6291-486D-9EB5-F6D50F641278}.Release|Any CPU.Build.0 = Release|Any CPU
	EndGlobalSection
	GlobalSection(SolutionProperties) = preSolution
		HideSolutionNode = FALSE
	EndGlobalSection
	GlobalSection(ExtensibilityGlobals) = postSolution
		SolutionGuid = {0A3AC493-65DF-4556-A706-5899B092B20C}
	EndGlobalSection
EndGlobal
